
Microsoft Visual Studio Solution File, Format Version 12.00
# Visual Studio 14
VisualStudioVersion = 14.0.25420.1
MinimumVisualStudioVersion = 10.0.40219.1
Project("{FAE04EC0-301F-11D3-BF4B-00C04F79EFBC}") = "FirstCshDemo", "FirstCshDemo\FirstCshDemo.csproj", "{30D3FC1C-8124-4937-8D87-3FD0FB2CF96E}"
EndProject
Global
	GlobalSection(SolutionConfigurationPlatforms) = preSolution
		Debug|Any CPU = Debug|Any CPU
		Release|Any CPU = Release|Any CPU
	EndGlobalSection
	GlobalSection(ProjectConfigurationPlatforms) = postSolution
		{30D3FC1C-8124-4937-8D87-3FD0FB2CF96E}.Debug|Any CPU.ActiveCfg = Debug|Any CPU
		{30D3FC1C-8124-4937-8D87-3FD0FB2CF96E}.Debug|Any CPU.Build.0 = Debug|Any CPU
		{30D3FC1C-8124-4937-8D87-3FD0FB2CF96E}.Release|Any CPU.ActiveCfg = Release|Any CPU
		{30D3FC1C-8124-4937-8D87-3FD0FB2CF96E}.Release|Any CPU.Build.0 = Release|Any CPU
	EndGlobalSection
	GlobalSection(SolutionProperties) = preSolution
		HideSolutionNode = FALSE
	EndGlobalSection
EndGlobal
